
Microsoft Visual Studio Solution File, Format Version 12.00
# Visual Studio Version 16
VisualStudioVersion = 16.0.31005.135
MinimumVisualStudioVersion = 10.0.40219.1
Project("{FAE04EC0-301F-11D3-BF4B-00C04F79EFBC}") = "main", "main\main.csproj", "{D408B13E-1402-44B2-9D6D-31C4B5AD063D}"
EndProject
Project("{FAE04EC0-301F-11D3-BF4B-00C04F79EFBC}") = "SolvingLibriary", "SolvingLibriary\SolvingLibriary.csproj", "{DC1AD3AB-E60C-4212-8B0D-19714716FF42}"
EndProject
Global
	GlobalSection(SolutionConfigurationPlatforms) = preSolution
		Debug|Any CPU = Debug|Any CPU
		Release|Any CPU = Release|Any CPU
	EndGlobalSection
	GlobalSection(ProjectConfigurationPlatforms) = postSolution
		{D408B13E-1402-44B2-9D6D-31C4B5AD063D}.Debug|Any CPU.ActiveCfg = Debug|Any CPU
		{D408B13E-1402-44B2-9D6D-31C4B5AD063D}.Debug|Any CPU.Build.0 = Debug|Any CPU
		{D408B13E-1402-44B2-9D6D-31C4B5AD063D}.Release|Any CPU.ActiveCfg = Release|Any CPU
		{D408B13E-1402-44B2-9D6D-31C4B5AD063D}.Release|Any CPU.Build.0 = Release|Any CPU
		{DC1AD3AB-E60C-4212-8B0D-19714716FF42}.Debug|Any CPU.ActiveCfg = Debug|Any CPU
		{DC1AD3AB-E60C-4212-8B0D-19714716FF42}.Debug|Any CPU.Build.0 = Debug|Any CPU
		{DC1AD3AB-E60C-4212-8B0D-19714716FF42}.Release|Any CPU.ActiveCfg = Release|Any CPU
		{DC1AD3AB-E60C-4212-8B0D-19714716FF42}.Release|Any CPU.Build.0 = Release|Any CPU
	EndGlobalSection
	GlobalSection(SolutionProperties) = preSolution
		HideSolutionNode = FALSE
	EndGlobalSection
	GlobalSection(ExtensibilityGlobals) = postSolution
		SolutionGuid = {14BC638C-2364-4786-8C1B-C5A67BB66861}
	EndGlobalSection
EndGlobal
